
Microsoft Visual Studio Solution File, Format Version 12.00
# Visual Studio Version 17
VisualStudioVersion = 17.2.32630.192
MinimumVisualStudioVersion = 10.0.40219.1
Project("{FAE04EC0-301F-11D3-BF4B-00C04F79EFBC}") = "WebApplicationASP", "WebApplicationASP.csproj", "{FCFD6BBE-ADC6-417C-82A3-779FD0F4B649}"
EndProject
Global
	GlobalSection(SolutionConfigurationPlatforms) = preSolution
		Debug|Any CPU = Debug|Any CPU
		Release|Any CPU = Release|Any CPU
	EndGlobalSection
	GlobalSection(ProjectConfigurationPlatforms) = postSolution
		{FCFD6BBE-ADC6-417C-82A3-779FD0F4B649}.Debug|Any CPU.ActiveCfg = Debug|Any CPU
		{FCFD6BBE-ADC6-417C-82A3-779FD0F4B649}.Debug|Any CPU.Build.0 = Debug|Any CPU
		{FCFD6BBE-ADC6-417C-82A3-779FD0F4B649}.Release|Any CPU.ActiveCfg = Release|Any CPU
		{FCFD6BBE-ADC6-417C-82A3-779FD0F4B649}.Release|Any CPU.Build.0 = Release|Any CPU
	EndGlobalSection
	GlobalSection(SolutionProperties) = preSolution
		HideSolutionNode = FALSE
	EndGlobalSection
	GlobalSection(ExtensibilityGlobals) = postSolution
		SolutionGuid = {7DFC002A-9BB7-4C03-A780-C7694EDB6331}
	EndGlobalSection
EndGlobal
